
Microsoft Visual Studio Solution File, Format Version 12.00
# Visual Studio 15
VisualStudioVersion = 15.0.28307.329
MinimumVisualStudioVersion = 10.0.40219.1
Project("{FAE04EC0-301F-11D3-BF4B-00C04F79EFBC}") = "lab1", "Лабораторные работы\lab1.csproj", "{6A0B327F-C49B-43CA-923B-EE700B61055E}"
EndProject
Project("{FAE04EC0-301F-11D3-BF4B-00C04F79EFBC}") = "lab2", "lab2\lab2.csproj", "{39692D04-B9E8-4C7C-83C2-B3E85D3DD1B6}"
EndProject
Global
	GlobalSection(SolutionConfigurationPlatforms) = preSolution
		Debug|Any CPU = Debug|Any CPU
		Release|Any CPU = Release|Any CPU
	EndGlobalSection
	GlobalSection(ProjectConfigurationPlatforms) = postSolution
		{6A0B327F-C49B-43CA-923B-EE700B61055E}.Debug|Any CPU.ActiveCfg = Debug|Any CPU
		{6A0B327F-C49B-43CA-923B-EE700B61055E}.Debug|Any CPU.Build.0 = Debug|Any CPU
		{6A0B327F-C49B-43CA-923B-EE700B61055E}.Release|Any CPU.ActiveCfg = Release|Any CPU
		{6A0B327F-C49B-43CA-923B-EE700B61055E}.Release|Any CPU.Build.0 = Release|Any CPU
		{39692D04-B9E8-4C7C-83C2-B3E85D3DD1B6}.Debug|Any CPU.ActiveCfg = Debug|Any CPU
		{39692D04-B9E8-4C7C-83C2-B3E85D3DD1B6}.Debug|Any CPU.Build.0 = Debug|Any CPU
		{39692D04-B9E8-4C7C-83C2-B3E85D3DD1B6}.Release|Any CPU.ActiveCfg = Release|Any CPU
		{39692D04-B9E8-4C7C-83C2-B3E85D3DD1B6}.Release|Any CPU.Build.0 = Release|Any CPU
	EndGlobalSection
	GlobalSection(SolutionProperties) = preSolution
		HideSolutionNode = FALSE
	EndGlobalSection
	GlobalSection(ExtensibilityGlobals) = postSolution
		SolutionGuid = {A843E4DD-D0D2-49E9-9064-8E7F22F7452F}
	EndGlobalSection
EndGlobal
